{
  "nodes": {
    "nixpkgs": {
      "locked": {
        "lastModified": 1789006805,
        "narHash": "sha256-xB8mKMOx1IA9vTDNLmJZ6n4wCMq/cuWBBOzGCRnqxrU=",
        "owner": "nixos",
        "repo": "nixpkgs",
        "rev": "8ce4ef6cb6f871616146b9fe26d2a5ae594e94fe",
        "type": "github"
      },
      "original": {
        "owner": "nixos",
        "ref": "nixos-unstable",
        "repo": "nixpkgs",
        "type": "github"
      }
    },
    "root": {
      "inputs": {
        "nixpkgs": "nixpkgs",
        "zigflake": "zigflake"
      }
    },
    "zigflake": {
      "inputs": {
        "nixpkgs": [
          "nixpkgs"
        ]
      },
      "locked": {
        "lastModified": 1788790550,
        "narHash": "sha256-dWMBngIf+pxLFeAsE9r7aKXd9SgcRcOS7l50Tx5PQMM=",
        "path": "/home/jacob/Projects/zig-flake",
        "type": "path"
      },
      "original": {
        "path": "/home/jacob/Projects/zig-flake",
        "type": "path"
      }
    }
  },
  "root": "root",
  "version": 7
}
