{
  "nodes": {
    "nixpkgs": {
      "locked": {
        "lastModified": 1787736819,
        "narHash": "sha256-cV5xEJJK3BvhU8rEd4mC9UsmDi5qscv/kzGPhBRC5WA=",
        "owner": "nixos",
        "repo": "nixpkgs",
        "rev": "9fbb54b33e91ee4ca368e35a78e0613c720600b3",
        "type": "github"
      },
      "original": {
        "owner": "nixos",
        "ref": "nixos-unstable",
        "repo": "nixpkgs",
        "type": "github"
      }
    },
    "root": {
      "inputs": {
        "nixpkgs": "nixpkgs",
        "zigflake": "zigflake"
      }
    },
    "zigflake": {
      "inputs": {
        "nixpkgs": [
          "nixpkgs"
        ]
      },
      "locked": {
        "lastModified": 1788383370,
        "narHash": "sha256-IqNEXjqzLmMlpWzSqCSxKgwwZ6w88Sbc5BCfXC0liSE=",
        "owner": "silversquirl",
        "repo": "zig-flake",
        "rev": "0ccc68e848b5dd3127ca331d89912933350fe3ee",
        "type": "github"
      },
      "original": {
        "owner": "silversquirl",
        "repo": "zig-flake",
        "type": "github"
      }
    }
  },
  "root": "root",
  "version": 7
}
